// !$*UTF8*$!
{
	archiveVersion = 1;
	classes = {
	};
	objectVersion = 50;
	objects = {

/* Begin PBXBuildFile section */
		829849DD24D1B5A7004A7A64 /* ProjectSpica.hpp in Headers */ = {isa = PBXBuildFile; fileRef = 829849DC24D1B5A7004A7A64 /* ProjectSpica.hpp */; };
		829849DF24D1B5A7004A7A64 /* ProjectSpicaPriv.hpp in Headers */ = {isa = PBXBuildFile; fileRef = 829849DE24D1B5A7004A7A64 /* ProjectSpicaPriv.hpp */; };
		829849E124D1B5A7004A7A64 /* ProjectSpica.cpp in Sources */ = {isa = PBXBuildFile; fileRef = 829849E024D1B5A7004A7A64 /* ProjectSpica.cpp */; };
		829849EE24D2DA20004A7A64 /* scheat.hpp in Headers */ = {isa = PBXBuildFile; fileRef = 829849ED24D2DA20004A7A64 /* scheat.hpp */; };
		829849F024D2DA20004A7A64 /* scheatPriv.hpp in Headers */ = {isa = PBXBuildFile; fileRef = 829849EF24D2DA20004A7A64 /* scheatPriv.hpp */; };
		829849F224D2DA20004A7A64 /* scheat.cpp in Sources */ = {isa = PBXBuildFile; fileRef = 829849F124D2DA20004A7A64 /* scheat.cpp */; };
		829849FD24D2DFA4004A7A64 /* main.cpp in Sources */ = {isa = PBXBuildFile; fileRef = 829849FC24D2DFA4004A7A64 /* main.cpp */; };
		82984A0424D2E070004A7A64 /* libscheat.a in Frameworks */ = {isa = PBXBuildFile; fileRef = 829849EB24D2DA20004A7A64 /* libscheat.a */; };
		82984A0624D2E0B7004A7A64 /* Nodes.cpp in Sources */ = {isa = PBXBuildFile; fileRef = 82984A0524D2E0B7004A7A64 /* Nodes.cpp */; };
/* End PBXBuildFile section */

/* Begin PBXContainerItemProxy section */
		82984A0124D2E066004A7A64 /* PBXContainerItemProxy */ = {
			isa = PBXContainerItemProxy;
			containerPortal = 829849D124D1B5A7004A7A64 /* Project object */;
			proxyType = 1;
			remoteGlobalIDString = 829849EA24D2DA20004A7A64;
			remoteInfo = scheat;
		};
/* End PBXContainerItemProxy section */

/* Begin PBXCopyFilesBuildPhase section */
		829849F824D2DFA4004A7A64 /* CopyFiles */ = {
			isa = PBXCopyFilesBuildPhase;
			buildActionMask = 2147483647;
			dstPath = /usr/share/man/man1/;
			dstSubfolderSpec = 0;
			files = (
			);
			runOnlyForDeploymentPostprocessing = 1;
		};
/* End PBXCopyFilesBuildPhase section */

/* Begin PBXFileReference section */
		829849D924D1B5A7004A7A64 /* libspica.a */ = {isa = PBXFileReference; explicitFileType = archive.ar; includeInIndex = 0; path = libspica.a; sourceTree = BUILT_PRODUCTS_DIR; };
		829849DC24D1B5A7004A7A64 /* ProjectSpica.hpp */ = {isa = PBXFileReference; lastKnownFileType = sourcecode.cpp.h; path = ProjectSpica.hpp; sourceTree = "<group>"; };
		829849DE24D1B5A7004A7A64 /* ProjectSpicaPriv.hpp */ = {isa = PBXFileReference; lastKnownFileType = sourcecode.cpp.h; path = ProjectSpicaPriv.hpp; sourceTree = "<group>"; };
		829849E024D1B5A7004A7A64 /* ProjectSpica.cpp */ = {isa = PBXFileReference; lastKnownFileType = sourcecode.cpp.cpp; path = ProjectSpica.cpp; sourceTree = "<group>"; };
		829849EB24D2DA20004A7A64 /* libscheat.a */ = {isa = PBXFileReference; explicitFileType = archive.ar; includeInIndex = 0; path = libscheat.a; sourceTree = BUILT_PRODUCTS_DIR; };
		829849ED24D2DA20004A7A64 /* scheat.hpp */ = {isa = PBXFileReference; lastKnownFileType = sourcecode.cpp.h; path = scheat.hpp; sourceTree = "<group>"; };
		829849EF24D2DA20004A7A64 /* scheatPriv.hpp */ = {isa = PBXFileReference; lastKnownFileType = sourcecode.cpp.h; path = scheatPriv.hpp; sourceTree = "<group>"; };
		829849F124D2DA20004A7A64 /* scheat.cpp */ = {isa = PBXFileReference; lastKnownFileType = sourcecode.cpp.cpp; path = scheat.cpp; sourceTree = "<group>"; };
		829849FA24D2DFA4004A7A64 /* TestScheat */ = {isa = PBXFileReference; explicitFileType = "compiled.mach-o.executable"; includeInIndex = 0; path = TestScheat; sourceTree = BUILT_PRODUCTS_DIR; };
		829849FC24D2DFA4004A7A64 /* main.cpp */ = {isa = PBXFileReference; lastKnownFileType = sourcecode.cpp.cpp; path = main.cpp; sourceTree = "<group>"; };
		82984A0524D2E0B7004A7A64 /* Nodes.cpp */ = {isa = PBXFileReference; lastKnownFileType = sourcecode.cpp.cpp; path = Nodes.cpp; sourceTree = "<group>"; };
/* End PBXFileReference section */

/* Begin PBXFrameworksBuildPhase section */
		829849D724D1B5A7004A7A64 /* Frameworks */ = {
			isa = PBXFrameworksBuildPhase;
			buildActionMask = 2147483647;
			files = (
			);
			runOnlyForDeploymentPostprocessing = 0;
		};
		829849E924D2DA20004A7A64 /* Frameworks */ = {
			isa = PBXFrameworksBuildPhase;
			buildActionMask = 2147483647;
			files = (
			);
			runOnlyForDeploymentPostprocessing = 0;
		};
		829849F724D2DFA4004A7A64 /* Frameworks */ = {
			isa = PBXFrameworksBuildPhase;
			buildActionMask = 2147483647;
			files = (
				82984A0424D2E070004A7A64 /* libscheat.a in Frameworks */,
			);
			runOnlyForDeploymentPostprocessing = 0;
		};
/* End PBXFrameworksBuildPhase section */

/* Begin PBXGroup section */
		829849D024D1B5A7004A7A64 = {
			isa = PBXGroup;
			children = (
				829849DB24D1B5A7004A7A64 /* ProjectSpica */,
				829849EC24D2DA20004A7A64 /* scheat */,
				829849FB24D2DFA4004A7A64 /* TestScheat */,
				829849DA24D1B5A7004A7A64 /* Products */,
				82984A0324D2E070004A7A64 /* Frameworks */,
			);
			sourceTree = "<group>";
		};
		829849DA24D1B5A7004A7A64 /* Products */ = {
			isa = PBXGroup;
			children = (
				829849D924D1B5A7004A7A64 /* libspica.a */,
				829849EB24D2DA20004A7A64 /* libscheat.a */,
				829849FA24D2DFA4004A7A64 /* TestScheat */,
			);
			name = Products;
			sourceTree = "<group>";
		};
		829849DB24D1B5A7004A7A64 /* ProjectSpica */ = {
			isa = PBXGroup;
			children = (
				829849DC24D1B5A7004A7A64 /* ProjectSpica.hpp */,
				829849DE24D1B5A7004A7A64 /* ProjectSpicaPriv.hpp */,
				829849E024D1B5A7004A7A64 /* ProjectSpica.cpp */,
			);
			path = ProjectSpica;
			sourceTree = "<group>";
		};
		829849EC24D2DA20004A7A64 /* scheat */ = {
			isa = PBXGroup;
			children = (
				829849ED24D2DA20004A7A64 /* scheat.hpp */,
				829849EF24D2DA20004A7A64 /* scheatPriv.hpp */,
				829849F124D2DA20004A7A64 /* scheat.cpp */,
				82984A0524D2E0B7004A7A64 /* Nodes.cpp */,
			);
			path = scheat;
			sourceTree = "<group>";
		};
		829849FB24D2DFA4004A7A64 /* TestScheat */ = {
			isa = PBXGroup;
			children = (
				829849FC24D2DFA4004A7A64 /* main.cpp */,
			);
			path = TestScheat;
			sourceTree = "<group>";
		};
		82984A0324D2E070004A7A64 /* Frameworks */ = {
			isa = PBXGroup;
			children = (
			);
			name = Frameworks;
			sourceTree = "<group>";
		};
/* End PBXGroup section */

/* Begin PBXHeadersBuildPhase section */
		829849D524D1B5A7004A7A64 /* Headers */ = {
			isa = PBXHeadersBuildPhase;
			buildActionMask = 2147483647;
			files = (
				829849DF24D1B5A7004A7A64 /* ProjectSpicaPriv.hpp in Headers */,
				829849DD24D1B5A7004A7A64 /* ProjectSpica.hpp in Headers */,
			);
			runOnlyForDeploymentPostprocessing = 0;
		};
		829849E724D2DA20004A7A64 /* Headers */ = {
			isa = PBXHeadersBuildPhase;
			buildActionMask = 2147483647;
			files = (
				829849EE24D2DA20004A7A64 /* scheat.hpp in Headers */,
				829849F024D2DA20004A7A64 /* scheatPriv.hpp in Headers */,
			);
			runOnlyForDeploymentPostprocessing = 0;
		};
/* End PBXHeadersBuildPhase section */

/* Begin PBXNativeTarget section */
		829849D824D1B5A7004A7A64 /* ProjectSpica */ = {
			isa = PBXNativeTarget;
			buildConfigurationList = 829849E424D1B5A7004A7A64 /* Build configuration list for PBXNativeTarget "ProjectSpica" */;
			buildPhases = (
				829849D524D1B5A7004A7A64 /* Headers */,
				829849D624D1B5A7004A7A64 /* Sources */,
				829849D724D1B5A7004A7A64 /* Frameworks */,
			);
			buildRules = (
			);
			dependencies = (
			);
			name = ProjectSpica;
			productName = ProjectSpica;
			productReference = 829849D924D1B5A7004A7A64 /* libspica.a */;
			productType = "com.apple.product-type.library.static";
		};
		829849EA24D2DA20004A7A64 /* scheat */ = {
			isa = PBXNativeTarget;
			buildConfigurationList = 829849F524D2DA20004A7A64 /* Build configuration list for PBXNativeTarget "scheat" */;
			buildPhases = (
				829849E724D2DA20004A7A64 /* Headers */,
				829849E824D2DA20004A7A64 /* Sources */,
				829849E924D2DA20004A7A64 /* Frameworks */,
			);
			buildRules = (
			);
			dependencies = (
			);
			name = scheat;
			productName = scheat;
			productReference = 829849EB24D2DA20004A7A64 /* libscheat.a */;
			productType = "com.apple.product-type.library.static";
		};
		829849F924D2DFA4004A7A64 /* TestScheat */ = {
			isa = PBXNativeTarget;
			buildConfigurationList = 829849FE24D2DFA4004A7A64 /* Build configuration list for PBXNativeTarget "TestScheat" */;
			buildPhases = (
				829849F624D2DFA4004A7A64 /* Sources */,
				829849F724D2DFA4004A7A64 /* Frameworks */,
				829849F824D2DFA4004A7A64 /* CopyFiles */,
			);
			buildRules = (
			);
			dependencies = (
				82984A0224D2E066004A7A64 /* PBXTargetDependency */,
			);
			name = TestScheat;
			productName = TestScheat;
			productReference = 829849FA24D2DFA4004A7A64 /* TestScheat */;
			productType = "com.apple.product-type.tool";
		};
/* End PBXNativeTarget section */

/* Begin PBXProject section */
		829849D124D1B5A7004A7A64 /* Project object */ = {
			isa = PBXProject;
			attributes = {
				LastUpgradeCheck = 1200;
				TargetAttributes = {
					829849D824D1B5A7004A7A64 = {
						CreatedOnToolsVersion = 12.0;
					};
					829849EA24D2DA20004A7A64 = {
						CreatedOnToolsVersion = 12.0;
					};
					829849F924D2DFA4004A7A64 = {
						CreatedOnToolsVersion = 12.0;
					};
				};
			};
			buildConfigurationList = 829849D424D1B5A7004A7A64 /* Build configuration list for PBXProject "ProjectSpica" */;
			compatibilityVersion = "Xcode 9.3";
			developmentRegion = en;
			hasScannedForEncodings = 0;
			knownRegions = (
				en,
				Base,
			);
			mainGroup = 829849D024D1B5A7004A7A64;
			productRefGroup = 829849DA24D1B5A7004A7A64 /* Products */;
			projectDirPath = "";
			projectRoot = "";
			targets = (
				829849D824D1B5A7004A7A64 /* ProjectSpica */,
				829849EA24D2DA20004A7A64 /* scheat */,
				829849F924D2DFA4004A7A64 /* TestScheat */,
			);
		};
/* End PBXProject section */

/* Begin PBXSourcesBuildPhase section */
		829849D624D1B5A7004A7A64 /* Sources */ = {
			isa = PBXSourcesBuildPhase;
			buildActionMask = 2147483647;
			files = (
				829849E124D1B5A7004A7A64 /* ProjectSpica.cpp in Sources */,
			);
			runOnlyForDeploymentPostprocessing = 0;
		};
		829849E824D2DA20004A7A64 /* Sources */ = {
			isa = PBXSourcesBuildPhase;
			buildActionMask = 2147483647;
			files = (
				829849F224D2DA20004A7A64 /* scheat.cpp in Sources */,
				82984A0624D2E0B7004A7A64 /* Nodes.cpp in Sources */,
			);
			runOnlyForDeploymentPostprocessing = 0;
		};
		829849F624D2DFA4004A7A64 /* Sources */ = {
			isa = PBXSourcesBuildPhase;
			buildActionMask = 2147483647;
			files = (
				829849FD24D2DFA4004A7A64 /* main.cpp in Sources */,
			);
			runOnlyForDeploymentPostprocessing = 0;
		};
/* End PBXSourcesBuildPhase section */

/* Begin PBXTargetDependency section */
		82984A0224D2E066004A7A64 /* PBXTargetDependency */ = {
			isa = PBXTargetDependency;
			target = 829849EA24D2DA20004A7A64 /* scheat */;
			targetProxy = 82984A0124D2E066004A7A64 /* PBXContainerItemProxy */;
		};
/* End PBXTargetDependency section */

/* Begin XCBuildConfiguration section */
		829849E224D1B5A7004A7A64 /* Debug */ = {
			isa = XCBuildConfiguration;
			buildSettings = {
				ALWAYS_SEARCH_USER_PATHS = NO;
				CLANG_ANALYZER_NONNULL = YES;
				CLANG_ANALYZER_NUMBER_OBJECT_CONVERSION = YES_AGGRESSIVE;
				CLANG_CXX_LANGUAGE_STANDARD = "gnu++14";
				CLANG_CXX_LIBRARY = "libc++";
				CLANG_ENABLE_MODULES = YES;
				CLANG_ENABLE_OBJC_ARC = YES;
				CLANG_ENABLE_OBJC_WEAK = YES;
				CLANG_WARN_BLOCK_CAPTURE_AUTORELEASING = YES;
				CLANG_WARN_BOOL_CONVERSION = NO;
				CLANG_WARN_COMMA = NO;
				CLANG_WARN_CONSTANT_CONVERSION = NO;
				CLANG_WARN_DEPRECATED_OBJC_IMPLEMENTATIONS = YES;
				CLANG_WARN_DIRECT_OBJC_ISA_USAGE = YES_ERROR;
				CLANG_WARN_DOCUMENTATION_COMMENTS = YES;
				CLANG_WARN_EMPTY_BODY = YES;
				CLANG_WARN_ENUM_CONVERSION = NO;
				CLANG_WARN_INFINITE_RECURSION = YES;
				CLANG_WARN_INT_CONVERSION = NO;
				CLANG_WARN_NON_LITERAL_NULL_CONVERSION = NO;
				CLANG_WARN_OBJC_IMPLICIT_RETAIN_SELF = YES;
				CLANG_WARN_OBJC_LITERAL_CONVERSION = YES;
				CLANG_WARN_OBJC_ROOT_CLASS = YES_ERROR;
				CLANG_WARN_QUOTED_INCLUDE_IN_FRAMEWORK_HEADER = YES;
				CLANG_WARN_RANGE_LOOP_ANALYSIS = YES;
				CLANG_WARN_STRICT_PROTOTYPES = YES;
				CLANG_WARN_SUSPICIOUS_MOVE = YES;
				CLANG_WARN_UNGUARDED_AVAILABILITY = YES_AGGRESSIVE;
				CLANG_WARN_UNREACHABLE_CODE = YES;
				CLANG_WARN__DUPLICATE_METHOD_MATCH = YES;
				COPY_PHASE_STRIP = NO;
				DEBUG_INFORMATION_FORMAT = dwarf;
				ENABLE_STRICT_OBJC_MSGSEND = YES;
				ENABLE_TESTABILITY = YES;
				GCC_C_LANGUAGE_STANDARD = gnu11;
				GCC_DYNAMIC_NO_PIC = NO;
				GCC_NO_COMMON_BLOCKS = YES;
				GCC_OPTIMIZATION_LEVEL = 0;
				GCC_PREPROCESSOR_DEFINITIONS = (
					"DEBUG=1",
					"$(inherited)",
				);
				GCC_WARN_64_TO_32_BIT_CONVERSION = NO;
				GCC_WARN_ABOUT_RETURN_TYPE = YES_ERROR;
				GCC_WARN_UNDECLARED_SELECTOR = YES;
				GCC_WARN_UNINITIALIZED_AUTOS = YES_AGGRESSIVE;
				GCC_WARN_UNUSED_FUNCTION = YES;
				GCC_WARN_UNUSED_VARIABLE = NO;
				HEADER_SEARCH_PATHS = /usr/local/Cellar/llvm/10.0.0_3/include;
				LIBRARY_SEARCH_PATHS = /usr/local/Cellar/llvm/10.0.0_3/lib;
				MACOSX_DEPLOYMENT_TARGET = 10.15;
				MTL_ENABLE_DEBUG_INFO = INCLUDE_SOURCE;
				MTL_FAST_MATH = YES;
				ONLY_ACTIVE_ARCH = YES;
				SDKROOT = macosx;
			};
			name = Debug;
		};
		829849E324D1B5A7004A7A64 /* Release */ = {
			isa = XCBuildConfiguration;
			buildSettings = {
				ALWAYS_SEARCH_USER_PATHS = NO;
				CLANG_ANALYZER_NONNULL = YES;
				CLANG_ANALYZER_NUMBER_OBJECT_CONVERSION = YES_AGGRESSIVE;
				CLANG_CXX_LANGUAGE_STANDARD = "gnu++14";
				CLANG_CXX_LIBRARY = "libc++";
				CLANG_ENABLE_MODULES = YES;
				CLANG_ENABLE_OBJC_ARC = YES;
				CLANG_ENABLE_OBJC_WEAK = YES;
				CLANG_WARN_BLOCK_CAPTURE_AUTORELEASING = YES;
				CLANG_WARN_BOOL_CONVERSION = NO;
				CLANG_WARN_COMMA = NO;
				CLANG_WARN_CONSTANT_CONVERSION = NO;
				CLANG_WARN_DEPRECATED_OBJC_IMPLEMENTATIONS = YES;
				CLANG_WARN_DIRECT_OBJC_ISA_USAGE = YES_ERROR;
				CLANG_WARN_DOCUMENTATION_COMMENTS = YES;
				CLANG_WARN_EMPTY_BODY = YES;
				CLANG_WARN_ENUM_CONVERSION = NO;
				CLANG_WARN_INFINITE_RECURSION = YES;
				CLANG_WARN_INT_CONVERSION = NO;
				CLANG_WARN_NON_LITERAL_NULL_CONVERSION = NO;
				CLANG_WARN_OBJC_IMPLICIT_RETAIN_SELF = YES;
				CLANG_WARN_OBJC_LITERAL_CONVERSION = YES;
				CLANG_WARN_OBJC_ROOT_CLASS = YES_ERROR;
				CLANG_WARN_QUOTED_INCLUDE_IN_FRAMEWORK_HEADER = YES;
				CLANG_WARN_RANGE_LOOP_ANALYSIS = YES;
				CLANG_WARN_STRICT_PROTOTYPES = YES;
				CLANG_WARN_SUSPICIOUS_MOVE = YES;
				CLANG_WARN_UNGUARDED_AVAILABILITY = YES_AGGRESSIVE;
				CLANG_WARN_UNREACHABLE_CODE = YES;
				CLANG_WARN__DUPLICATE_METHOD_MATCH = YES;
				COPY_PHASE_STRIP = NO;
				DEBUG_INFORMATION_FORMAT = "dwarf-with-dsym";
				ENABLE_NS_ASSERTIONS = NO;
				ENABLE_STRICT_OBJC_MSGSEND = YES;
				GCC_C_LANGUAGE_STANDARD = gnu11;
				GCC_NO_COMMON_BLOCKS = YES;
				GCC_WARN_64_TO_32_BIT_CONVERSION = NO;
				GCC_WARN_ABOUT_RETURN_TYPE = YES_ERROR;
				GCC_WARN_UNDECLARED_SELECTOR = YES;
				GCC_WARN_UNINITIALIZED_AUTOS = YES_AGGRESSIVE;
				GCC_WARN_UNUSED_FUNCTION = YES;
				GCC_WARN_UNUSED_VARIABLE = NO;
				HEADER_SEARCH_PATHS = /usr/local/Cellar/llvm/10.0.0_3/include;
				LIBRARY_SEARCH_PATHS = /usr/local/Cellar/llvm/10.0.0_3/lib;
				MACOSX_DEPLOYMENT_TARGET = 10.15;
				MTL_ENABLE_DEBUG_INFO = NO;
				MTL_FAST_MATH = YES;
				SDKROOT = macosx;
			};
			name = Release;
		};
		829849E524D1B5A7004A7A64 /* Debug */ = {
			isa = XCBuildConfiguration;
			buildSettings = {
				CODE_SIGN_STYLE = Automatic;
				DEVELOPMENT_TEAM = R28UD9U8M7;
				EXECUTABLE_PREFIX = lib;
				GCC_ENABLE_CPP_EXCEPTIONS = YES;
				GCC_ENABLE_CPP_RTTI = YES;
				LIBRARY_SEARCH_PATHS = /usr/local/Cellar/llvm/10.0.0_3/lib;
				PRODUCT_NAME = spica;
				SKIP_INSTALL = YES;
			};
			name = Debug;
		};
		829849E624D1B5A7004A7A64 /* Release */ = {
			isa = XCBuildConfiguration;
			buildSettings = {
				CODE_SIGN_STYLE = Automatic;
				DEVELOPMENT_TEAM = R28UD9U8M7;
				EXECUTABLE_PREFIX = lib;
				GCC_ENABLE_CPP_EXCEPTIONS = YES;
				GCC_ENABLE_CPP_RTTI = YES;
				LIBRARY_SEARCH_PATHS = /usr/local/Cellar/llvm/10.0.0_3/lib;
				PRODUCT_NAME = spica;
				SKIP_INSTALL = YES;
			};
			name = Release;
		};
		829849F324D2DA20004A7A64 /* Debug */ = {
			isa = XCBuildConfiguration;
			buildSettings = {
				CLANG_WARN_BOOL_CONVERSION = YES;
				CLANG_WARN_COMMA = NO;
				CLANG_WARN_CONSTANT_CONVERSION = YES;
				CLANG_WARN_ENUM_CONVERSION = YES;
				CLANG_WARN_INT_CONVERSION = YES;
				CLANG_WARN_NON_LITERAL_NULL_CONVERSION = YES;
				CODE_SIGN_STYLE = Automatic;
				DEVELOPMENT_TEAM = R28UD9U8M7;
				EXECUTABLE_PREFIX = lib;
				GCC_ENABLE_CPP_EXCEPTIONS = YES;
				GCC_ENABLE_CPP_RTTI = YES;
				GCC_WARN_64_TO_32_BIT_CONVERSION = YES;
				GCC_WARN_UNUSED_VARIABLE = YES;
				PRODUCT_NAME = "$(TARGET_NAME)";
				SKIP_INSTALL = YES;
			};
			name = Debug;
		};
		829849F424D2DA20004A7A64 /* Release */ = {
			isa = XCBuildConfiguration;
			buildSettings = {
				CLANG_WARN_BOOL_CONVERSION = YES;
				CLANG_WARN_COMMA = NO;
				CLANG_WARN_CONSTANT_CONVERSION = YES;
				CLANG_WARN_ENUM_CONVERSION = YES;
				CLANG_WARN_INT_CONVERSION = YES;
				CLANG_WARN_NON_LITERAL_NULL_CONVERSION = YES;
				CODE_SIGN_STYLE = Automatic;
				DEVELOPMENT_TEAM = R28UD9U8M7;
				EXECUTABLE_PREFIX = lib;
				GCC_ENABLE_CPP_EXCEPTIONS = YES;
				GCC_ENABLE_CPP_RTTI = YES;
				GCC_WARN_64_TO_32_BIT_CONVERSION = YES;
				GCC_WARN_UNUSED_VARIABLE = YES;
				PRODUCT_NAME = "$(TARGET_NAME)";
				SKIP_INSTALL = YES;
			};
			name = Release;
		};
		829849FF24D2DFA4004A7A64 /* Debug */ = {
			isa = XCBuildConfiguration;
			buildSettings = {
				CLANG_WARN_BOOL_CONVERSION = YES;
				CLANG_WARN_COMMA = YES;
				CLANG_WARN_CONSTANT_CONVERSION = YES;
				CLANG_WARN_ENUM_CONVERSION = YES;
				CLANG_WARN_INT_CONVERSION = YES;
				CLANG_WARN_NON_LITERAL_NULL_CONVERSION = YES;
				CODE_SIGN_STYLE = Automatic;
				DEVELOPMENT_TEAM = R28UD9U8M7;
				ENABLE_HARDENED_RUNTIME = YES;
				GCC_WARN_64_TO_32_BIT_CONVERSION = YES;
				GCC_WARN_UNUSED_VARIABLE = YES;
				PRODUCT_NAME = "$(TARGET_NAME)";
			};
			name = Debug;
		};
		82984A0024D2DFA4004A7A64 /* Release */ = {
			isa = XCBuildConfiguration;
			buildSettings = {
				CLANG_WARN_BOOL_CONVERSION = YES;
				CLANG_WARN_COMMA = YES;
				CLANG_WARN_CONSTANT_CONVERSION = YES;
				CLANG_WARN_ENUM_CONVERSION = YES;
				CLANG_WARN_INT_CONVERSION = YES;
				CLANG_WARN_NON_LITERAL_NULL_CONVERSION = YES;
				CODE_SIGN_STYLE = Automatic;
				DEVELOPMENT_TEAM = R28UD9U8M7;
				ENABLE_HARDENED_RUNTIME = YES;
				GCC_WARN_64_TO_32_BIT_CONVERSION = YES;
				GCC_WARN_UNUSED_VARIABLE = YES;
				PRODUCT_NAME = "$(TARGET_NAME)";
			};
			name = Release;
		};
/* End XCBuildConfiguration section */

/* Begin XCConfigurationList section */
		829849D424D1B5A7004A7A64 /* Build configuration list for PBXProject "ProjectSpica" */ = {
			isa = XCConfigurationList;
			buildConfigurations = (
				829849E224D1B5A7004A7A64 /* Debug */,
				829849E324D1B5A7004A7A64 /* Release */,
			);
			defaultConfigurationIsVisible = 0;
			defaultConfigurationName = Release;
		};
		829849E424D1B5A7004A7A64 /* Build configuration list for PBXNativeTarget "ProjectSpica" */ = {
			isa = XCConfigurationList;
			buildConfigurations = (
				829849E524D1B5A7004A7A64 /* Debug */,
				829849E624D1B5A7004A7A64 /* Release */,
			);
			defaultConfigurationIsVisible = 0;
			defaultConfigurationName = Release;
		};
		829849F524D2DA20004A7A64 /* Build configuration list for PBXNativeTarget "scheat" */ = {
			isa = XCConfigurationList;
			buildConfigurations = (
				829849F324D2DA20004A7A64 /* Debug */,
				829849F424D2DA20004A7A64 /* Release */,
			);
			defaultConfigurationIsVisible = 0;
			defaultConfigurationName = Release;
		};
		829849FE24D2DFA4004A7A64 /* Build configuration list for PBXNativeTarget "TestScheat" */ = {
			isa = XCConfigurationList;
			buildConfigurations = (
				829849FF24D2DFA4004A7A64 /* Debug */,
				82984A0024D2DFA4004A7A64 /* Release */,
			);
			defaultConfigurationIsVisible = 0;
			defaultConfigurationName = Release;
		};
/* End XCConfigurationList section */
	};
	rootObject = 829849D124D1B5A7004A7A64 /* Project object */;
}
